// !$*UTF8*$!
{
	archiveVersion = 1;
	classes = {
	};
	objectVersion = 55;
	objects = {

/* Begin PBXBuildFile section */
		3B8BFDE028A18C0F00413F08 /* OnboardingContainerViewController.swift in Sources */ = {isa = PBXBuildFile; fileRef = 3B8BFDDF28A18C0F00413F08 /* OnboardingContainerViewController.swift */; };
		3B8BFDE228A19D6600413F08 /* OnboardingViewController.swift in Sources */ = {isa = PBXBuildFile; fileRef = 3B8BFDE128A19D6600413F08 /* OnboardingViewController.swift */; };
		3B8BFDE428A1C23000413F08 /* DummyViewController.swift in Sources */ = {isa = PBXBuildFile; fileRef = 3B8BFDE328A1C23000413F08 /* DummyViewController.swift */; };
		3B8BFDE728A1D40800413F08 /* LocalState.swift in Sources */ = {isa = PBXBuildFile; fileRef = 3B8BFDE628A1D40800413F08 /* LocalState.swift */; };
		3B8C4F8728A3782000B7853E /* Decimal+Util.swift in Sources */ = {isa = PBXBuildFile; fileRef = 3B8C4F8628A3782000B7853E /* Decimal+Util.swift */; };
		3B8C4F8928A378BD00B7853E /* СurrencyFormatter.swift in Sources */ = {isa = PBXBuildFile; fileRef = 3B8C4F8828A378BD00B7853E /* СurrencyFormatter.swift */; };
		3B8C4F9828A37FDD00B7853E /* CurrencyFormatterTests.swift in Sources */ = {isa = PBXBuildFile; fileRef = 3B8C4F9728A37FDD00B7853E /* CurrencyFormatterTests.swift */; };
		3B8C4F9C28A391AC00B7853E /* NSNotificationName.swift in Sources */ = {isa = PBXBuildFile; fileRef = 3B8C4F9B28A391AC00B7853E /* NSNotificationName.swift */; };
		3B8C4F9E28A393DE00B7853E /* UITextField+SecureToggle.swift in Sources */ = {isa = PBXBuildFile; fileRef = 3B8C4F9D28A393DE00B7853E /* UITextField+SecureToggle.swift */; };
		3B8D05AC28A20FA90012979E /* UIViewController+Utils.swift in Sources */ = {isa = PBXBuildFile; fileRef = 3B8D05AB28A20FA90012979E /* UIViewController+Utils.swift */; };
		3B8D05AE28A211080012979E /* MainViewController.swift in Sources */ = {isa = PBXBuildFile; fileRef = 3B8D05AD28A211080012979E /* MainViewController.swift */; };
		3B8D05B128A22ACA0012979E /* AccountSummaryViewController.swift in Sources */ = {isa = PBXBuildFile; fileRef = 3B8D05B028A22ACA0012979E /* AccountSummaryViewController.swift */; };
		3B8D05B328A231810012979E /* AccountSummaryHeaderView.swift in Sources */ = {isa = PBXBuildFile; fileRef = 3B8D05B228A231810012979E /* AccountSummaryHeaderView.swift */; };
		3B8D05B528A232300012979E /* AccountSummaryHeaderView.xib in Resources */ = {isa = PBXBuildFile; fileRef = 3B8D05B428A232300012979E /* AccountSummaryHeaderView.xib */; };
		3B8D05B928A23DF50012979E /* AccountSummaryCell.swift in Sources */ = {isa = PBXBuildFile; fileRef = 3B8D05B828A23DF50012979E /* AccountSummaryCell.swift */; };
		3B8EA2BE28A0CCB200D6EA33 /* AppDelegate.swift in Sources */ = {isa = PBXBuildFile; fileRef = 3B8EA2BD28A0CCB200D6EA33 /* AppDelegate.swift */; };
		3B8EA2C228A0CCB200D6EA33 /* LoginViewController.swift in Sources */ = {isa = PBXBuildFile; fileRef = 3B8EA2C128A0CCB200D6EA33 /* LoginViewController.swift */; };
		3B8EA2C728A0CCB500D6EA33 /* Assets.xcassets in Resources */ = {isa = PBXBuildFile; fileRef = 3B8EA2C628A0CCB500D6EA33 /* Assets.xcassets */; };
		3B8EA2CA28A0CCB500D6EA33 /* LaunchScreen.storyboard in Resources */ = {isa = PBXBuildFile; fileRef = 3B8EA2C828A0CCB500D6EA33 /* LaunchScreen.storyboard */; };
		3B8EA2D528A0D12600D6EA33 /* LoginView.swift in Sources */ = {isa = PBXBuildFile; fileRef = 3B8EA2D428A0D12600D6EA33 /* LoginView.swift */; };
		3B8FB78128A4C34E00F231D1 /* ShakeyBellView.swift in Sources */ = {isa = PBXBuildFile; fileRef = 3B8FB78028A4C34E00F231D1 /* ShakeyBellView.swift */; };
		3B8FB78328A4D7E300F231D1 /* Date+Utils.swift in Sources */ = {isa = PBXBuildFile; fileRef = 3B8FB78228A4D7E300F231D1 /* Date+Utils.swift */; };
		3B8FB78528A4D96000F231D1 /* AccountSummaryViewController+Networking.swift in Sources */ = {isa = PBXBuildFile; fileRef = 3B8FB78428A4D96000F231D1 /* AccountSummaryViewController+Networking.swift */; };
		3B8FB78928A4ECE100F231D1 /* ProfileTests.swift in Sources */ = {isa = PBXBuildFile; fileRef = 3B8FB78828A4ECE100F231D1 /* ProfileTests.swift */; };
		3B8FB78B28A4EE4D00F231D1 /* AccountTests.swift in Sources */ = {isa = PBXBuildFile; fileRef = 3B8FB78A28A4EE4D00F231D1 /* AccountTests.swift */; };
/* End PBXBuildFile section */

/* Begin PBXContainerItemProxy section */
		3B8C4F9228A37F2700B7853E /* PBXContainerItemProxy */ = {
			isa = PBXContainerItemProxy;
			containerPortal = 3B8EA2B228A0CCB200D6EA33 /* Project object */;
			proxyType = 1;
			remoteGlobalIDString = 3B8EA2B928A0CCB200D6EA33;
			remoteInfo = Bankey;
		};
/* End PBXContainerItemProxy section */

/* Begin PBXFileReference section */
		3B8BFDDF28A18C0F00413F08 /* OnboardingContainerViewController.swift */ = {isa = PBXFileReference; lastKnownFileType = sourcecode.swift; path = OnboardingContainerViewController.swift; sourceTree = "<group>"; };
		3B8BFDE128A19D6600413F08 /* OnboardingViewController.swift */ = {isa = PBXFileReference; lastKnownFileType = sourcecode.swift; path = OnboardingViewController.swift; sourceTree = "<group>"; };
		3B8BFDE328A1C23000413F08 /* DummyViewController.swift */ = {isa = PBXFileReference; lastKnownFileType = sourcecode.swift; path = DummyViewController.swift; sourceTree = "<group>"; };
		3B8BFDE628A1D40800413F08 /* LocalState.swift */ = {isa = PBXFileReference; lastKnownFileType = sourcecode.swift; path = LocalState.swift; sourceTree = "<group>"; };
		3B8C4F8628A3782000B7853E /* Decimal+Util.swift */ = {isa = PBXFileReference; lastKnownFileType = sourcecode.swift; path = "Decimal+Util.swift"; sourceTree = "<group>"; };
		3B8C4F8828A378BD00B7853E /* СurrencyFormatter.swift */ = {isa = PBXFileReference; lastKnownFileType = sourcecode.swift; path = "СurrencyFormatter.swift"; sourceTree = "<group>"; };
		3B8C4F8E28A37F2700B7853E /* BankeyUnitTests.xctest */ = {isa = PBXFileReference; explicitFileType = wrapper.cfbundle; includeInIndex = 0; path = BankeyUnitTests.xctest; sourceTree = BUILT_PRODUCTS_DIR; };
		3B8C4F9728A37FDD00B7853E /* CurrencyFormatterTests.swift */ = {isa = PBXFileReference; lastKnownFileType = sourcecode.swift; path = CurrencyFormatterTests.swift; sourceTree = "<group>"; };
		3B8C4F9B28A391AC00B7853E /* NSNotificationName.swift */ = {isa = PBXFileReference; lastKnownFileType = sourcecode.swift; path = NSNotificationName.swift; sourceTree = "<group>"; };
		3B8C4F9D28A393DE00B7853E /* UITextField+SecureToggle.swift */ = {isa = PBXFileReference; lastKnownFileType = sourcecode.swift; path = "UITextField+SecureToggle.swift"; sourceTree = "<group>"; };
		3B8D05AB28A20FA90012979E /* UIViewController+Utils.swift */ = {isa = PBXFileReference; lastKnownFileType = sourcecode.swift; path = "UIViewController+Utils.swift"; sourceTree = "<group>"; };
		3B8D05AD28A211080012979E /* MainViewController.swift */ = {isa = PBXFileReference; lastKnownFileType = sourcecode.swift; path = MainViewController.swift; sourceTree = "<group>"; };
		3B8D05B028A22ACA0012979E /* AccountSummaryViewController.swift */ = {isa = PBXFileReference; lastKnownFileType = sourcecode.swift; path = AccountSummaryViewController.swift; sourceTree = "<group>"; };
		3B8D05B228A231810012979E /* AccountSummaryHeaderView.swift */ = {isa = PBXFileReference; lastKnownFileType = sourcecode.swift; path = AccountSummaryHeaderView.swift; sourceTree = "<group>"; };
		3B8D05B428A232300012979E /* AccountSummaryHeaderView.xib */ = {isa = PBXFileReference; lastKnownFileType = file.xib; path = AccountSummaryHeaderView.xib; sourceTree = "<group>"; };
		3B8D05B828A23DF50012979E /* AccountSummaryCell.swift */ = {isa = PBXFileReference; lastKnownFileType = sourcecode.swift; path = AccountSummaryCell.swift; sourceTree = "<group>"; };
		3B8EA2BA28A0CCB200D6EA33 /* Bankey.app */ = {isa = PBXFileReference; explicitFileType = wrapper.application; includeInIndex = 0; path = Bankey.app; sourceTree = BUILT_PRODUCTS_DIR; };
		3B8EA2BD28A0CCB200D6EA33 /* AppDelegate.swift */ = {isa = PBXFileReference; lastKnownFileType = sourcecode.swift; path = AppDelegate.swift; sourceTree = "<group>"; };
		3B8EA2C128A0CCB200D6EA33 /* LoginViewController.swift */ = {isa = PBXFileReference; lastKnownFileType = sourcecode.swift; path = LoginViewController.swift; sourceTree = "<group>"; };
		3B8EA2C628A0CCB500D6EA33 /* Assets.xcassets */ = {isa = PBXFileReference; lastKnownFileType = folder.assetcatalog; path = Assets.xcassets; sourceTree = "<group>"; };
		3B8EA2C928A0CCB500D6EA33 /* Base */ = {isa = PBXFileReference; lastKnownFileType = file.storyboard; name = Base; path = Base.lproj/LaunchScreen.storyboard; sourceTree = "<group>"; };
		3B8EA2CB28A0CCB500D6EA33 /* Info.plist */ = {isa = PBXFileReference; lastKnownFileType = text.plist.xml; path = Info.plist; sourceTree = "<group>"; };
		3B8EA2D428A0D12600D6EA33 /* LoginView.swift */ = {isa = PBXFileReference; lastKnownFileType = sourcecode.swift; path = LoginView.swift; sourceTree = "<group>"; };
		3B8FB78028A4C34E00F231D1 /* ShakeyBellView.swift */ = {isa = PBXFileReference; lastKnownFileType = sourcecode.swift; path = ShakeyBellView.swift; sourceTree = "<group>"; };
		3B8FB78228A4D7E300F231D1 /* Date+Utils.swift */ = {isa = PBXFileReference; lastKnownFileType = sourcecode.swift; path = "Date+Utils.swift"; sourceTree = "<group>"; };
		3B8FB78428A4D96000F231D1 /* AccountSummaryViewController+Networking.swift */ = {isa = PBXFileReference; lastKnownFileType = sourcecode.swift; path = "AccountSummaryViewController+Networking.swift"; sourceTree = "<group>"; };
		3B8FB78828A4ECE100F231D1 /* ProfileTests.swift */ = {isa = PBXFileReference; lastKnownFileType = sourcecode.swift; path = ProfileTests.swift; sourceTree = "<group>"; };
		3B8FB78A28A4EE4D00F231D1 /* AccountTests.swift */ = {isa = PBXFileReference; lastKnownFileType = sourcecode.swift; path = AccountTests.swift; sourceTree = "<group>"; };
/* End PBXFileReference section */

/* Begin PBXFrameworksBuildPhase section */
		3B8C4F8B28A37F2700B7853E /* Frameworks */ = {
			isa = PBXFrameworksBuildPhase;
			buildActionMask = 2147483647;
			files = (
			);
			runOnlyForDeploymentPostprocessing = 0;
		};
		3B8EA2B728A0CCB200D6EA33 /* Frameworks */ = {
			isa = PBXFrameworksBuildPhase;
			buildActionMask = 2147483647;
			files = (
			);
			runOnlyForDeploymentPostprocessing = 0;
		};
/* End PBXFrameworksBuildPhase section */

/* Begin PBXGroup section */
		3B8BFDDE28A18BB600413F08 /* Onboarding */ = {
			isa = PBXGroup;
			children = (
				3B8BFDDF28A18C0F00413F08 /* OnboardingContainerViewController.swift */,
				3B8BFDE128A19D6600413F08 /* OnboardingViewController.swift */,
			);
			name = Onboarding;
			sourceTree = "<group>";
		};
		3B8BFDE528A1D3F700413F08 /* Utils */ = {
			isa = PBXGroup;
			children = (
				3B8D05AB28A20FA90012979E /* UIViewController+Utils.swift */,
				3B8C4F8628A3782000B7853E /* Decimal+Util.swift */,
				3B8C4F9D28A393DE00B7853E /* UITextField+SecureToggle.swift */,
				3B8BFDE628A1D40800413F08 /* LocalState.swift */,
				3B8C4F8828A378BD00B7853E /* СurrencyFormatter.swift */,
				3B8C4F9B28A391AC00B7853E /* NSNotificationName.swift */,
				3B8FB78228A4D7E300F231D1 /* Date+Utils.swift */,
			);
			name = Utils;
			sourceTree = "<group>";
		};
		3B8C4F8F28A37F2700B7853E /* BankeyUnitTests */ = {
			isa = PBXGroup;
			children = (
				3B8FB78728A4ECC000F231D1 /* AccountSummary */,
				3B8FB78628A4ECB300F231D1 /* Utils */,
			);
			path = BankeyUnitTests;
			sourceTree = "<group>";
		};
		3B8D05AF28A22AA20012979E /* AccountSummary */ = {
			isa = PBXGroup;
			children = (
				3B8D05B028A22ACA0012979E /* AccountSummaryViewController.swift */,
				3B8FB78428A4D96000F231D1 /* AccountSummaryViewController+Networking.swift */,
				3B8D05B628A23DA90012979E /* Header */,
				3B8D05B728A23DC70012979E /* Cells */,
			);
			name = AccountSummary;
			sourceTree = "<group>";
		};
		3B8D05B628A23DA90012979E /* Header */ = {
			isa = PBXGroup;
			children = (
				3B8D05B228A231810012979E /* AccountSummaryHeaderView.swift */,
				3B8D05B428A232300012979E /* AccountSummaryHeaderView.xib */,
			);
			name = Header;
			sourceTree = "<group>";
		};
		3B8D05B728A23DC70012979E /* Cells */ = {
			isa = PBXGroup;
			children = (
				3B8D05B828A23DF50012979E /* AccountSummaryCell.swift */,
			);
			name = Cells;
			sourceTree = "<group>";
		};
		3B8EA2B128A0CCB200D6EA33 = {
			isa = PBXGroup;
			children = (
				3B8EA2BC28A0CCB200D6EA33 /* Bankey */,
				3B8C4F8F28A37F2700B7853E /* BankeyUnitTests */,
				3B8EA2BB28A0CCB200D6EA33 /* Products */,
			);
			sourceTree = "<group>";
		};
		3B8EA2BB28A0CCB200D6EA33 /* Products */ = {
			isa = PBXGroup;
			children = (
				3B8EA2BA28A0CCB200D6EA33 /* Bankey.app */,
				3B8C4F8E28A37F2700B7853E /* BankeyUnitTests.xctest */,
			);
			name = Products;
			sourceTree = "<group>";
		};
		3B8EA2BC28A0CCB200D6EA33 /* Bankey */ = {
			isa = PBXGroup;
			children = (
				3B8EA2BD28A0CCB200D6EA33 /* AppDelegate.swift */,
				3B8D05AD28A211080012979E /* MainViewController.swift */,
				3B8EA2D328A0D10200D6EA33 /* Login */,
				3B8BFDDE28A18BB600413F08 /* Onboarding */,
				3B8D05AF28A22AA20012979E /* AccountSummary */,
				3B8BFDE528A1D3F700413F08 /* Utils */,
				3B8FB77F28A4C31E00F231D1 /* Components */,
				3B8EA2D228A0D0C700D6EA33 /* Files */,
			);
			path = Bankey;
			sourceTree = "<group>";
		};
		3B8EA2D228A0D0C700D6EA33 /* Files */ = {
			isa = PBXGroup;
			children = (
				3B8EA2C828A0CCB500D6EA33 /* LaunchScreen.storyboard */,
				3B8EA2C628A0CCB500D6EA33 /* Assets.xcassets */,
				3B8EA2CB28A0CCB500D6EA33 /* Info.plist */,
			);
			name = Files;
			sourceTree = "<group>";
		};
		3B8EA2D328A0D10200D6EA33 /* Login */ = {
			isa = PBXGroup;
			children = (
				3B8EA2C128A0CCB200D6EA33 /* LoginViewController.swift */,
				3B8EA2D428A0D12600D6EA33 /* LoginView.swift */,
				3B8BFDE328A1C23000413F08 /* DummyViewController.swift */,
			);
			name = Login;
			sourceTree = "<group>";
		};
		3B8FB77F28A4C31E00F231D1 /* Components */ = {
			isa = PBXGroup;
			children = (
				3B8FB78028A4C34E00F231D1 /* ShakeyBellView.swift */,
			);
			name = Components;
			sourceTree = "<group>";
		};
		3B8FB78628A4ECB300F231D1 /* Utils */ = {
			isa = PBXGroup;
			children = (
				3B8C4F9728A37FDD00B7853E /* CurrencyFormatterTests.swift */,
			);
			path = Utils;
			sourceTree = "<group>";
		};
		3B8FB78728A4ECC000F231D1 /* AccountSummary */ = {
			isa = PBXGroup;
			children = (
				3B8FB78828A4ECE100F231D1 /* ProfileTests.swift */,
				3B8FB78A28A4EE4D00F231D1 /* AccountTests.swift */,
			);
			path = AccountSummary;
			sourceTree = "<group>";
		};
/* End PBXGroup section */

/* Begin PBXNativeTarget section */
		3B8C4F8D28A37F2700B7853E /* BankeyUnitTests */ = {
			isa = PBXNativeTarget;
			buildConfigurationList = 3B8C4F9428A37F2700B7853E /* Build configuration list for PBXNativeTarget "BankeyUnitTests" */;
			buildPhases = (
				3B8C4F8A28A37F2700B7853E /* Sources */,
				3B8C4F8B28A37F2700B7853E /* Frameworks */,
				3B8C4F8C28A37F2700B7853E /* Resources */,
			);
			buildRules = (
			);
			dependencies = (
				3B8C4F9328A37F2700B7853E /* PBXTargetDependency */,
			);
			name = BankeyUnitTests;
			productName = BankeyUnitTests;
			productReference = 3B8C4F8E28A37F2700B7853E /* BankeyUnitTests.xctest */;
			productType = "com.apple.product-type.bundle.unit-test";
		};
		3B8EA2B928A0CCB200D6EA33 /* Bankey */ = {
			isa = PBXNativeTarget;
			buildConfigurationList = 3B8EA2CE28A0CCB500D6EA33 /* Build configuration list for PBXNativeTarget "Bankey" */;
			buildPhases = (
				3B8EA2B628A0CCB200D6EA33 /* Sources */,
				3B8EA2B728A0CCB200D6EA33 /* Frameworks */,
				3B8EA2B828A0CCB200D6EA33 /* Resources */,
			);
			buildRules = (
			);
			dependencies = (
			);
			name = Bankey;
			productName = Bankey;
			productReference = 3B8EA2BA28A0CCB200D6EA33 /* Bankey.app */;
			productType = "com.apple.product-type.application";
		};
/* End PBXNativeTarget section */

/* Begin PBXProject section */
		3B8EA2B228A0CCB200D6EA33 /* Project object */ = {
			isa = PBXProject;
			attributes = {
				BuildIndependentTargetsInParallel = 1;
				LastSwiftUpdateCheck = 1340;
				LastUpgradeCheck = 1340;
				TargetAttributes = {
					3B8C4F8D28A37F2700B7853E = {
						CreatedOnToolsVersion = 13.4.1;
						LastSwiftMigration = 1340;
						TestTargetID = 3B8EA2B928A0CCB200D6EA33;
					};
					3B8EA2B928A0CCB200D6EA33 = {
						CreatedOnToolsVersion = 13.4.1;
					};
				};
			};
			buildConfigurationList = 3B8EA2B528A0CCB200D6EA33 /* Build configuration list for PBXProject "Bankey" */;
			compatibilityVersion = "Xcode 13.0";
			developmentRegion = en;
			hasScannedForEncodings = 0;
			knownRegions = (
				en,
				Base,
			);
			mainGroup = 3B8EA2B128A0CCB200D6EA33;
			productRefGroup = 3B8EA2BB28A0CCB200D6EA33 /* Products */;
			projectDirPath = "";
			projectRoot = "";
			targets = (
				3B8EA2B928A0CCB200D6EA33 /* Bankey */,
				3B8C4F8D28A37F2700B7853E /* BankeyUnitTests */,
			);
		};
/* End PBXProject section */

/* Begin PBXResourcesBuildPhase section */
		3B8C4F8C28A37F2700B7853E /* Resources */ = {
			isa = PBXResourcesBuildPhase;
			buildActionMask = 2147483647;
			files = (
			);
			runOnlyForDeploymentPostprocessing = 0;
		};
		3B8EA2B828A0CCB200D6EA33 /* Resources */ = {
			isa = PBXResourcesBuildPhase;
			buildActionMask = 2147483647;
			files = (
				3B8D05B528A232300012979E /* AccountSummaryHeaderView.xib in Resources */,
				3B8EA2CA28A0CCB500D6EA33 /* LaunchScreen.storyboard in Resources */,
				3B8EA2C728A0CCB500D6EA33 /* Assets.xcassets in Resources */,
			);
			runOnlyForDeploymentPostprocessing = 0;
		};
/* End PBXResourcesBuildPhase section */

/* Begin PBXSourcesBuildPhase section */
		3B8C4F8A28A37F2700B7853E /* Sources */ = {
			isa = PBXSourcesBuildPhase;
			buildActionMask = 2147483647;
			files = (
				3B8C4F9828A37FDD00B7853E /* CurrencyFormatterTests.swift in Sources */,
				3B8FB78B28A4EE4D00F231D1 /* AccountTests.swift in Sources */,
				3B8FB78928A4ECE100F231D1 /* ProfileTests.swift in Sources */,
			);
			runOnlyForDeploymentPostprocessing = 0;
		};
		3B8EA2B628A0CCB200D6EA33 /* Sources */ = {
			isa = PBXSourcesBuildPhase;
			buildActionMask = 2147483647;
			files = (
				3B8D05AC28A20FA90012979E /* UIViewController+Utils.swift in Sources */,
				3B8FB78328A4D7E300F231D1 /* Date+Utils.swift in Sources */,
				3B8EA2D528A0D12600D6EA33 /* LoginView.swift in Sources */,
				3B8BFDE728A1D40800413F08 /* LocalState.swift in Sources */,
				3B8C4F8728A3782000B7853E /* Decimal+Util.swift in Sources */,
				3B8C4F9E28A393DE00B7853E /* UITextField+SecureToggle.swift in Sources */,
				3B8D05B328A231810012979E /* AccountSummaryHeaderView.swift in Sources */,
				3B8C4F8928A378BD00B7853E /* СurrencyFormatter.swift in Sources */,
				3B8BFDE428A1C23000413F08 /* DummyViewController.swift in Sources */,
				3B8C4F9C28A391AC00B7853E /* NSNotificationName.swift in Sources */,
				3B8EA2C228A0CCB200D6EA33 /* LoginViewController.swift in Sources */,
				3B8FB78128A4C34E00F231D1 /* ShakeyBellView.swift in Sources */,
				3B8D05B928A23DF50012979E /* AccountSummaryCell.swift in Sources */,
				3B8BFDE228A19D6600413F08 /* OnboardingViewController.swift in Sources */,
				3B8D05AE28A211080012979E /* MainViewController.swift in Sources */,
				3B8D05B128A22ACA0012979E /* AccountSummaryViewController.swift in Sources */,
				3B8EA2BE28A0CCB200D6EA33 /* AppDelegate.swift in Sources */,
				3B8BFDE028A18C0F00413F08 /* OnboardingContainerViewController.swift in Sources */,
				3B8FB78528A4D96000F231D1 /* AccountSummaryViewController+Networking.swift in Sources */,
			);
			runOnlyForDeploymentPostprocessing = 0;
		};
/* End PBXSourcesBuildPhase section */

/* Begin PBXTargetDependency section */
		3B8C4F9328A37F2700B7853E /* PBXTargetDependency */ = {
			isa = PBXTargetDependency;
			target = 3B8EA2B928A0CCB200D6EA33 /* Bankey */;
			targetProxy = 3B8C4F9228A37F2700B7853E /* PBXContainerItemProxy */;
		};
/* End PBXTargetDependency section */

/* Begin PBXVariantGroup section */
		3B8EA2C828A0CCB500D6EA33 /* LaunchScreen.storyboard */ = {
			isa = PBXVariantGroup;
			children = (
				3B8EA2C928A0CCB500D6EA33 /* Base */,
			);
			name = LaunchScreen.storyboard;
			sourceTree = "<group>";
		};
/* End PBXVariantGroup section */

/* Begin XCBuildConfiguration section */
		3B8C4F9528A37F2700B7853E /* Debug */ = {
			isa = XCBuildConfiguration;
			buildSettings = {
				BUNDLE_LOADER = "$(TEST_HOST)";
				CLANG_ENABLE_MODULES = YES;
				CODE_SIGN_STYLE = Automatic;
				CURRENT_PROJECT_VERSION = 1;
				DEVELOPMENT_TEAM = G3VP62JDQQ;
				GENERATE_INFOPLIST_FILE = YES;
				LD_RUNPATH_SEARCH_PATHS = (
					"$(inherited)",
					"@executable_path/Frameworks",
					"@loader_path/Frameworks",
				);
				MARKETING_VERSION = 1.0;
				PRODUCT_BUNDLE_IDENTIFIER = dmitriikim.BankeyUnitTests;
				PRODUCT_NAME = "$(TARGET_NAME)";
				SWIFT_EMIT_LOC_STRINGS = NO;
				SWIFT_OPTIMIZATION_LEVEL = "-Onone";
				SWIFT_VERSION = 5.0;
				TARGETED_DEVICE_FAMILY = "1,2";
				TEST_HOST = "$(BUILT_PRODUCTS_DIR)/Bankey.app/Bankey";
			};
			name = Debug;
		};
		3B8C4F9628A37F2700B7853E /* Release */ = {
			isa = XCBuildConfiguration;
			buildSettings = {
				BUNDLE_LOADER = "$(TEST_HOST)";
				CLANG_ENABLE_MODULES = YES;
				CODE_SIGN_STYLE = Automatic;
				CURRENT_PROJECT_VERSION = 1;
				DEVELOPMENT_TEAM = G3VP62JDQQ;
				GENERATE_INFOPLIST_FILE = YES;
				LD_RUNPATH_SEARCH_PATHS = (
					"$(inherited)",
					"@executable_path/Frameworks",
					"@loader_path/Frameworks",
				);
				MARKETING_VERSION = 1.0;
				PRODUCT_BUNDLE_IDENTIFIER = dmitriikim.BankeyUnitTests;
				PRODUCT_NAME = "$(TARGET_NAME)";
				SWIFT_EMIT_LOC_STRINGS = NO;
				SWIFT_VERSION = 5.0;
				TARGETED_DEVICE_FAMILY = "1,2";
				TEST_HOST = "$(BUILT_PRODUCTS_DIR)/Bankey.app/Bankey";
			};
			name = Release;
		};
		3B8EA2CC28A0CCB500D6EA33 /* Debug */ = {
			isa = XCBuildConfiguration;
			buildSettings = {
				ALWAYS_SEARCH_USER_PATHS = NO;
				CLANG_ANALYZER_NONNULL = YES;
				CLANG_ANALYZER_NUMBER_OBJECT_CONVERSION = YES_AGGRESSIVE;
				CLANG_CXX_LANGUAGE_STANDARD = "gnu++17";
				CLANG_ENABLE_MODULES = YES;
				CLANG_ENABLE_OBJC_ARC = YES;
				CLANG_ENABLE_OBJC_WEAK = YES;
				CLANG_WARN_BLOCK_CAPTURE_AUTORELEASING = YES;
				CLANG_WARN_BOOL_CONVERSION = YES;
				CLANG_WARN_COMMA = YES;
				CLANG_WARN_CONSTANT_CONVERSION = YES;
				CLANG_WARN_DEPRECATED_OBJC_IMPLEMENTATIONS = YES;
				CLANG_WARN_DIRECT_OBJC_ISA_USAGE = YES_ERROR;
				CLANG_WARN_DOCUMENTATION_COMMENTS = YES;
				CLANG_WARN_EMPTY_BODY = YES;
				CLANG_WARN_ENUM_CONVERSION = YES;
				CLANG_WARN_INFINITE_RECURSION = YES;
				CLANG_WARN_INT_CONVERSION = YES;
				CLANG_WARN_NON_LITERAL_NULL_CONVERSION = YES;
				CLANG_WARN_OBJC_IMPLICIT_RETAIN_SELF = YES;
				CLANG_WARN_OBJC_LITERAL_CONVERSION = YES;
				CLANG_WARN_OBJC_ROOT_CLASS = YES_ERROR;
				CLANG_WARN_QUOTED_INCLUDE_IN_FRAMEWORK_HEADER = YES;
				CLANG_WARN_RANGE_LOOP_ANALYSIS = YES;
				CLANG_WARN_STRICT_PROTOTYPES = YES;
				CLANG_WARN_SUSPICIOUS_MOVE = YES;
				CLANG_WARN_UNGUARDED_AVAILABILITY = YES_AGGRESSIVE;
				CLANG_WARN_UNREACHABLE_CODE = YES;
				CLANG_WARN__DUPLICATE_METHOD_MATCH = YES;
				COPY_PHASE_STRIP = NO;
				DEBUG_INFORMATION_FORMAT = dwarf;
				ENABLE_STRICT_OBJC_MSGSEND = YES;
				ENABLE_TESTABILITY = YES;
				GCC_C_LANGUAGE_STANDARD = gnu11;
				GCC_DYNAMIC_NO_PIC = NO;
				GCC_NO_COMMON_BLOCKS = YES;
				GCC_OPTIMIZATION_LEVEL = 0;
				GCC_PREPROCESSOR_DEFINITIONS = (
					"DEBUG=1",
					"$(inherited)",
				);
				GCC_WARN_64_TO_32_BIT_CONVERSION = YES;
				GCC_WARN_ABOUT_RETURN_TYPE = YES_ERROR;
				GCC_WARN_UNDECLARED_SELECTOR = YES;
				GCC_WARN_UNINITIALIZED_AUTOS = YES_AGGRESSIVE;
				GCC_WARN_UNUSED_FUNCTION = YES;
				GCC_WARN_UNUSED_VARIABLE = YES;
				IPHONEOS_DEPLOYMENT_TARGET = 15.5;
				MTL_ENABLE_DEBUG_INFO = INCLUDE_SOURCE;
				MTL_FAST_MATH = YES;
				ONLY_ACTIVE_ARCH = YES;
				SDKROOT = iphoneos;
				SWIFT_ACTIVE_COMPILATION_CONDITIONS = DEBUG;
				SWIFT_OPTIMIZATION_LEVEL = "-Onone";
			};
			name = Debug;
		};
		3B8EA2CD28A0CCB500D6EA33 /* Release */ = {
			isa = XCBuildConfiguration;
			buildSettings = {
				ALWAYS_SEARCH_USER_PATHS = NO;
				CLANG_ANALYZER_NONNULL = YES;
				CLANG_ANALYZER_NUMBER_OBJECT_CONVERSION = YES_AGGRESSIVE;
				CLANG_CXX_LANGUAGE_STANDARD = "gnu++17";
				CLANG_ENABLE_MODULES = YES;
				CLANG_ENABLE_OBJC_ARC = YES;
				CLANG_ENABLE_OBJC_WEAK = YES;
				CLANG_WARN_BLOCK_CAPTURE_AUTORELEASING = YES;
				CLANG_WARN_BOOL_CONVERSION = YES;
				CLANG_WARN_COMMA = YES;
				CLANG_WARN_CONSTANT_CONVERSION = YES;
				CLANG_WARN_DEPRECATED_OBJC_IMPLEMENTATIONS = YES;
				CLANG_WARN_DIRECT_OBJC_ISA_USAGE = YES_ERROR;
				CLANG_WARN_DOCUMENTATION_COMMENTS = YES;
				CLANG_WARN_EMPTY_BODY = YES;
				CLANG_WARN_ENUM_CONVERSION = YES;
				CLANG_WARN_INFINITE_RECURSION = YES;
				CLANG_WARN_INT_CONVERSION = YES;
				CLANG_WARN_NON_LITERAL_NULL_CONVERSION = YES;
				CLANG_WARN_OBJC_IMPLICIT_RETAIN_SELF = YES;
				CLANG_WARN_OBJC_LITERAL_CONVERSION = YES;
				CLANG_WARN_OBJC_ROOT_CLASS = YES_ERROR;
				CLANG_WARN_QUOTED_INCLUDE_IN_FRAMEWORK_HEADER = YES;
				CLANG_WARN_RANGE_LOOP_ANALYSIS = YES;
				CLANG_WARN_STRICT_PROTOTYPES = YES;
				CLANG_WARN_SUSPICIOUS_MOVE = YES;
				CLANG_WARN_UNGUARDED_AVAILABILITY = YES_AGGRESSIVE;
				CLANG_WARN_UNREACHABLE_CODE = YES;
				CLANG_WARN__DUPLICATE_METHOD_MATCH = YES;
				COPY_PHASE_STRIP = NO;
				DEBUG_INFORMATION_FORMAT = "dwarf-with-dsym";
				ENABLE_NS_ASSERTIONS = NO;
				ENABLE_STRICT_OBJC_MSGSEND = YES;
				GCC_C_LANGUAGE_STANDARD = gnu11;
				GCC_NO_COMMON_BLOCKS = YES;
				GCC_WARN_64_TO_32_BIT_CONVERSION = YES;
				GCC_WARN_ABOUT_RETURN_TYPE = YES_ERROR;
				GCC_WARN_UNDECLARED_SELECTOR = YES;
				GCC_WARN_UNINITIALIZED_AUTOS = YES_AGGRESSIVE;
				GCC_WARN_UNUSED_FUNCTION = YES;
				GCC_WARN_UNUSED_VARIABLE = YES;
				IPHONEOS_DEPLOYMENT_TARGET = 15.5;
				MTL_ENABLE_DEBUG_INFO = NO;
				MTL_FAST_MATH = YES;
				SDKROOT = iphoneos;
				SWIFT_COMPILATION_MODE = wholemodule;
				SWIFT_OPTIMIZATION_LEVEL = "-O";
				VALIDATE_PRODUCT = YES;
			};
			name = Release;
		};
		3B8EA2CF28A0CCB500D6EA33 /* Debug */ = {
			isa = XCBuildConfiguration;
			buildSettings = {
				ASSETCATALOG_COMPILER_APPICON_NAME = AppIcon;
				ASSETCATALOG_COMPILER_GLOBAL_ACCENT_COLOR_NAME = AccentColor;
				CODE_SIGN_STYLE = Automatic;
				CURRENT_PROJECT_VERSION = 1;
				DEVELOPMENT_TEAM = G3VP62JDQQ;
				GENERATE_INFOPLIST_FILE = YES;
				INFOPLIST_FILE = Bankey/Info.plist;
				INFOPLIST_KEY_UIApplicationSupportsIndirectInputEvents = YES;
				INFOPLIST_KEY_UILaunchStoryboardName = LaunchScreen;
				INFOPLIST_KEY_UISupportedInterfaceOrientations_iPad = "UIInterfaceOrientationPortrait UIInterfaceOrientationPortraitUpsideDown UIInterfaceOrientationLandscapeLeft UIInterfaceOrientationLandscapeRight";
				INFOPLIST_KEY_UISupportedInterfaceOrientations_iPhone = "UIInterfaceOrientationPortrait UIInterfaceOrientationLandscapeLeft UIInterfaceOrientationLandscapeRight";
				LD_RUNPATH_SEARCH_PATHS = (
					"$(inherited)",
					"@executable_path/Frameworks",
				);
				MARKETING_VERSION = 1.0;
				PRODUCT_BUNDLE_IDENTIFIER = dmitriikim.Bankey;
				PRODUCT_NAME = "$(TARGET_NAME)";
				SWIFT_EMIT_LOC_STRINGS = YES;
				SWIFT_VERSION = 5.0;
				TARGETED_DEVICE_FAMILY = "1,2";
			};
			name = Debug;
		};
		3B8EA2D028A0CCB500D6EA33 /* Release */ = {
			isa = XCBuildConfiguration;
			buildSettings = {
				ASSETCATALOG_COMPILER_APPICON_NAME = AppIcon;
				ASSETCATALOG_COMPILER_GLOBAL_ACCENT_COLOR_NAME = AccentColor;
				CODE_SIGN_STYLE = Automatic;
				CURRENT_PROJECT_VERSION = 1;
				DEVELOPMENT_TEAM = G3VP62JDQQ;
				GENERATE_INFOPLIST_FILE = YES;
				INFOPLIST_FILE = Bankey/Info.plist;
				INFOPLIST_KEY_UIApplicationSupportsIndirectInputEvents = YES;
				INFOPLIST_KEY_UILaunchStoryboardName = LaunchScreen;
				INFOPLIST_KEY_UISupportedInterfaceOrientations_iPad = "UIInterfaceOrientationPortrait UIInterfaceOrientationPortraitUpsideDown UIInterfaceOrientationLandscapeLeft UIInterfaceOrientationLandscapeRight";
				INFOPLIST_KEY_UISupportedInterfaceOrientations_iPhone = "UIInterfaceOrientationPortrait UIInterfaceOrientationLandscapeLeft UIInterfaceOrientationLandscapeRight";
				LD_RUNPATH_SEARCH_PATHS = (
					"$(inherited)",
					"@executable_path/Frameworks",
				);
				MARKETING_VERSION = 1.0;
				PRODUCT_BUNDLE_IDENTIFIER = dmitriikim.Bankey;
				PRODUCT_NAME = "$(TARGET_NAME)";
				SWIFT_EMIT_LOC_STRINGS = YES;
				SWIFT_VERSION = 5.0;
				TARGETED_DEVICE_FAMILY = "1,2";
			};
			name = Release;
		};
/* End XCBuildConfiguration section */

/* Begin XCConfigurationList section */
		3B8C4F9428A37F2700B7853E /* Build configuration list for PBXNativeTarget "BankeyUnitTests" */ = {
			isa = XCConfigurationList;
			buildConfigurations = (
				3B8C4F9528A37F2700B7853E /* Debug */,
				3B8C4F9628A37F2700B7853E /* Release */,
			);
			defaultConfigurationIsVisible = 0;
			defaultConfigurationName = Release;
		};
		3B8EA2B528A0CCB200D6EA33 /* Build configuration list for PBXProject "Bankey" */ = {
			isa = XCConfigurationList;
			buildConfigurations = (
				3B8EA2CC28A0CCB500D6EA33 /* Debug */,
				3B8EA2CD28A0CCB500D6EA33 /* Release */,
			);
			defaultConfigurationIsVisible = 0;
			defaultConfigurationName = Release;
		};
		3B8EA2CE28A0CCB500D6EA33 /* Build configuration list for PBXNativeTarget "Bankey" */ = {
			isa = XCConfigurationList;
			buildConfigurations = (
				3B8EA2CF28A0CCB500D6EA33 /* Debug */,
				3B8EA2D028A0CCB500D6EA33 /* Release */,
			);
			defaultConfigurationIsVisible = 0;
			defaultConfigurationName = Release;
		};
/* End XCConfigurationList section */
	};
	rootObject = 3B8EA2B228A0CCB200D6EA33 /* Project object */;
}
